<Solution>
  <Project Path="src/Web.Public/Web.Public.csproj" />
  <Project Path="test/Library.Application.IntegrationTests/Library.Application.IntegrationTests.csproj" Id="8a812f23-9168-4732-a6a6-e522d8beba43" />
  <Project Path="test/Library.Application.UnitTests/Library.Application.UnitTests.csproj" />
  <Project Path="test/Library.Infrastructure.IntergrationTests/Library.Infrastructure.IntergrationTests.csproj" Id="092b1db1-a52b-47df-aa18-4b37cdfab0bc" />
</Solution>
